{
  "name": "plane_shadow",
  "lockfileVersion": 2,
  "requires": true,
  "packages": {
    "": {
      "dependencies": {
        "leaflet-marker-rotation": "^0.4.0",
        "nouislider": "^15.6.1",
        "suncalc": "^1.9.0"
      }
    },
    "node_modules/leaflet-marker-rotation": {
      "version": "0.4.0",
      "resolved": "https://registry.npmjs.org/leaflet-marker-rotation/-/leaflet-marker-rotation-0.4.0.tgz",
      "integrity": "sha512-7I+l/Ky3mP7LQ+nfVA+Gzjl5NOb02mph3v9SD2dPoCEQ/vV3zuZp+7Sewm2Pgk2zH9Aa4+mPqNTSSSLe3D7lmg=="
    },
    "node_modules/nouislider": {
      "version": "15.6.1",
      "resolved": "https://registry.npmjs.org/nouislider/-/nouislider-15.6.1.tgz",
      "integrity": "sha512-1T5AfeEMGrGM87UJ+qAHvauPfCe/woOjYV/o29fp21+XgGuGpkM1Udo7mPHnidu4+cxlj35rDBWKiA6Mefemrg=="
    },
    "node_modules/suncalc": {
      "version": "1.9.0",
      "resolved": "https://registry.npmjs.org/suncalc/-/suncalc-1.9.0.tgz",
      "integrity": "sha512-vMJ8Byp1uIPoj+wb9c1AdK4jpkSKVAywgHX0lqY7zt6+EWRRC3Z+0Ucfjy/0yxTVO1hwwchZe4uoFNqrIC24+A=="
    }
  },
  "dependencies": {
    "leaflet-marker-rotation": {
      "version": "0.4.0",
      "resolved": "https://registry.npmjs.org/leaflet-marker-rotation/-/leaflet-marker-rotation-0.4.0.tgz",
      "integrity": "sha512-7I+l/Ky3mP7LQ+nfVA+Gzjl5NOb02mph3v9SD2dPoCEQ/vV3zuZp+7Sewm2Pgk2zH9Aa4+mPqNTSSSLe3D7lmg=="
    },
    "nouislider": {
      "version": "15.6.1",
      "resolved": "https://registry.npmjs.org/nouislider/-/nouislider-15.6.1.tgz",
      "integrity": "sha512-1T5AfeEMGrGM87UJ+qAHvauPfCe/woOjYV/o29fp21+XgGuGpkM1Udo7mPHnidu4+cxlj35rDBWKiA6Mefemrg=="
    },
    "suncalc": {
      "version": "1.9.0",
      "resolved": "https://registry.npmjs.org/suncalc/-/suncalc-1.9.0.tgz",
      "integrity": "sha512-vMJ8Byp1uIPoj+wb9c1AdK4jpkSKVAywgHX0lqY7zt6+EWRRC3Z+0Ucfjy/0yxTVO1hwwchZe4uoFNqrIC24+A=="
    }
  }
}
